
Microsoft Visual Studio Solution File, Format Version 12.00
# Visual Studio Version 16
VisualStudioVersion = 16.0.30523.141
MinimumVisualStudioVersion = 10.0.40219.1
Project("{FAE04EC0-301F-11D3-BF4B-00C04F79EFBC}") = "Yemek_Tarifi", "Yemek_Tarifi.csproj", "{A7121543-6CA2-4EAC-A1F6-DB6C89CCEFC3}"
EndProject
Global
	GlobalSection(SolutionConfigurationPlatforms) = preSolution
		Debug|Any CPU = Debug|Any CPU
		Release|Any CPU = Release|Any CPU
	EndGlobalSection
	GlobalSection(ProjectConfigurationPlatforms) = postSolution
		{A7121543-6CA2-4EAC-A1F6-DB6C89CCEFC3}.Debug|Any CPU.ActiveCfg = Debug|Any CPU
		{A7121543-6CA2-4EAC-A1F6-DB6C89CCEFC3}.Debug|Any CPU.Build.0 = Debug|Any CPU
		{A7121543-6CA2-4EAC-A1F6-DB6C89CCEFC3}.Release|Any CPU.ActiveCfg = Release|Any CPU
		{A7121543-6CA2-4EAC-A1F6-DB6C89CCEFC3}.Release|Any CPU.Build.0 = Release|Any CPU
	EndGlobalSection
	GlobalSection(SolutionProperties) = preSolution
		HideSolutionNode = FALSE
	EndGlobalSection
	GlobalSection(ExtensibilityGlobals) = postSolution
		SolutionGuid = {7C16919B-C956-4A89-9A15-D9C1A1AF26EA}
	EndGlobalSection
EndGlobal
